version = 1
revision = 2
requires-python = ">=3.11"

[[package]]
name = "requests"
version = "2.0.0"
source = { registry = "https://pypi.org/simple" }
sdist = { url = "https://files.pythonhosted.org/packages/8e/88/102742c48605aef8d39fa719d932c67783d789679628fa1433cb4b2c7a2a/requests-2.0.0.tar.gz", hash = "sha256:78536038f54cff6ade3be6863403146665b5a3923dd61108c98d8b64141f9d70", size = 362994, upload-time = "2013-09-24T18:39:33.154Z" }
wheels = [
    { url = "https://files.pythonhosted.org/packages/bf/78/be2b4c440ea767336d8448fe671fe1d78ca499e49d77dac90f92191cca0e/requests-2.0.0-py2.py3-none-any.whl", hash = "sha256:2ef65639cb9600443f85451df487818c31f993ab288f313d29cc9db4f3cbe6ed", size = 391141, upload-time = "2013-11-15T19:09:51.527Z" },
]

[[package]]
name = "test-project"
version = "0.1.0"
source = { virtual = "." }
dependencies = [
    { name = "requests" },
]

[package.metadata]
requires-dist = [{ name = "requests", specifier = "==2.0.0" }]
